
Microsoft Visual Studio Solution File, Format Version 12.00
# Visual Studio Version 17
VisualStudioVersion = 17.11.35327.3
MinimumVisualStudioVersion = 10.0.40219.1
Project("{FAE04EC0-301F-11D3-BF4B-00C04F79EFBC}") = "Stage0", "Stage0\Stage0.csproj", "{089C8B9F-20DA-4F38-914B-5B22A4D59FE2}"
EndProject
Global
	GlobalSection(SolutionConfigurationPlatforms) = preSolution
		Debug|Any CPU = Debug|Any CPU
		Release|Any CPU = Release|Any CPU
	EndGlobalSection
	GlobalSection(ProjectConfigurationPlatforms) = postSolution
		{089C8B9F-20DA-4F38-914B-5B22A4D59FE2}.Debug|Any CPU.ActiveCfg = Debug|Any CPU
		{089C8B9F-20DA-4F38-914B-5B22A4D59FE2}.Debug|Any CPU.Build.0 = Debug|Any CPU
		{089C8B9F-20DA-4F38-914B-5B22A4D59FE2}.Release|Any CPU.ActiveCfg = Release|Any CPU
		{089C8B9F-20DA-4F38-914B-5B22A4D59FE2}.Release|Any CPU.Build.0 = Release|Any CPU
	EndGlobalSection
	GlobalSection(SolutionProperties) = preSolution
		HideSolutionNode = FALSE
	EndGlobalSection
	GlobalSection(ExtensibilityGlobals) = postSolution
		SolutionGuid = {E3E4F659-98D9-470D-9DAA-AC58292B69DE}
	EndGlobalSection
EndGlobal
